<?xml version="1.0" encoding="utf-8"?>
<Project ToolsVersion="4.0" xmlns="http://schemas.microsoft.com/developer/msbuild/2003">
  <ItemGroup>
    <Filter Include="Source Files">
      <UniqueIdentifier>{4FC737F1-C7A5-4376-A066-2A32D752A2FF}</UniqueIdentifier>
      <Extensions>cpp;c;cc;cxx;c++;cppm;ixx;def;odl;idl;hpj;bat;asm;asmx</Extensions>
    </Filter>
    <Filter Include="Header Files">
      <UniqueIdentifier>{93995380-89BD-4b04-88EB-625FBE52EBFB}</UniqueIdentifier>
      <Extensions>h;hh;hpp;hxx;h++;hm;inl;inc;ipp;xsd</Extensions>
    </Filter>
    <Filter Include="Resource Files">
      <UniqueIdentifier>{67DA6AB6-F800-4c08-8B7A-83BB121AAD01}</UniqueIdentifier>
      <Extensions>rc;ico;cur;bmp;dlg;rc2;rct;bin;rgs;gif;jpg;jpeg;jpe;resx;tiff;tif;png;wav;mfcribbon-ms</Extensions>
    </Filter>
  </ItemGroup>
  <ItemGroup>
    <ClInclude Include="Core\Core.h">
      <Filter>Header Files</Filter>
    </ClInclude>
    <ClInclude Include="Rendering\DX12\d3dx12.h">
      <Filter>Header Files</Filter>
    </ClInclude>
    <ClInclude Include="Helpers\WindowsExceptionHelpers.h">
      <Filter>Header Files</Filter>
    </ClInclude>
    <ClInclude Include="Components\RenderingComponent.h">
      <Filter>Header Files</Filter>
    </ClInclude>
    <ClInclude Include="SLDFramework.h">
      <Filter>Header Files</Filter>
    </ClInclude>
    <ClInclude Include="Rendering\RenderTarget.h">
      <Filter>Header Files</Filter>
    </ClInclude>
    <ClInclude Include="Core\Base.h">
      <Filter>Header Files</Filter>
    </ClInclude>
    <ClInclude Include="Core\CustomTypes.h">
      <Filter>Header Files</Filter>
    </ClInclude>
    <ClInclude Include="Core\Delegate.h">
      <Filter>Header Files</Filter>
    </ClInclude>
    <ClInclude Include="Core\Event.h">
      <Filter>Header Files</Filter>
    </ClInclude>
    <ClInclude Include="Miscellaneous\WinPrerequisite.h">
      <Filter>Header Files</Filter>
    </ClInclude>
    <ClInclude Include="Rendering\DX12\DX3D12Prerequisite.h">
      <Filter>Header Files</Filter>
    </ClInclude>
    <ClInclude Include="Core\ScriptableChecks.h">
      <Filter>Header Files</Filter>
    </ClInclude>
    <ClInclude Include="Core\EngineContext.h">
      <Filter>Header Files</Filter>
    </ClInclude>
    <ClInclude Include="Components\InputComponent.h">
      <Filter>Header Files</Filter>
    </ClInclude>
    <ClInclude Include="Inputs\InputManager.h">
      <Filter>Header Files</Filter>
    </ClInclude>
    <ClInclude Include="Core\CustomStaticArray.h">
      <Filter>Header Files</Filter>
    </ClInclude>
    <ClInclude Include="Core\ServiceLocator.h">
      <Filter>Header Files</Filter>
    </ClInclude>
    <ClInclude Include="Core\Singleton.h">
      <Filter>Header Files</Filter>
    </ClInclude>
    <ClInclude Include="Components\NonTickComponent.h">
      <Filter>Header Files</Filter>
    </ClInclude>
    <ClInclude Include="Components\TickComponent.h">
      <Filter>Header Files</Filter>
    </ClInclude>
    <ClInclude Include="Core\VirMemDelegate.h">
      <Filter>Header Files</Filter>
    </ClInclude>
    <ClInclude Include="Core\PMR_Resource\LoggingResource.h">
      <Filter>Header Files</Filter>
    </ClInclude>
    <ClInclude Include="Inputs\Key.h">
      <Filter>Header Files</Filter>
    </ClInclude>
    <ClInclude Include="Inputs\InputCommandType.h">
      <Filter>Header Files</Filter>
    </ClInclude>
    <ClInclude Include="Inputs\InputSetting.h">
      <Filter>Header Files</Filter>
    </ClInclude>
    <ClInclude Include="Helpers\utils.h">
      <Filter>Header Files</Filter>
    </ClInclude>
    <ClInclude Include="Inputs\InputTypes.h">
      <Filter>Header Files</Filter>
    </ClInclude>
    <ClInclude Include="Debugging\GUIDebugComponent.h">
      <Filter>Header Files</Filter>
    </ClInclude>
    <ClInclude Include="Core\Window\Window.h">
      <Filter>Header Files</Filter>
    </ClInclude>
    <ClInclude Include="Debugging\TSLogger.h">
      <Filter>Header Files</Filter>
    </ClInclude>
    <ClInclude Include="Inputs\SFMLInputs.h">
      <Filter>Header Files</Filter>
    </ClInclude>
    <ClInclude Include="Inputs\LLInputs.h">
      <Filter>Header Files</Filter>
    </ClInclude>
    <ClInclude Include="Inputs\InputParams.h">
      <Filter>Header Files</Filter>
    </ClInclude>
    <ClInclude Include="Rendering\LLRenderer.h">
      <Filter>Header Files</Filter>
    </ClInclude>
    <ClInclude Include="Rendering\DX12\DX12Renderer.h">
      <Filter>Header Files</Filter>
    </ClInclude>
    <ClInclude Include="Rendering\RenderParams.h">
      <Filter>Header Files</Filter>
    </ClInclude>
    <ClInclude Include="Rendering\DX12\DX12CommandQueue.h">
      <Filter>Header Files</Filter>
    </ClInclude>
    <ClInclude Include="Core\Window\MainSubSystem.h">
      <Filter>Header Files</Filter>
    </ClInclude>
    <ClInclude Include="Miscellaneous\DX12Resource.h">
      <Filter>Header Files</Filter>
    </ClInclude>
    <ClInclude Include="Rendering\Renderer.h">
      <Filter>Header Files</Filter>
    </ClInclude>
    <ClInclude Include="Rendering\SFML\SFML2DRenderer.h">
      <Filter>Header Files</Filter>
    </ClInclude>
    <ClInclude Include="Core\Window\SFML\SFMLWindow.h">
      <Filter>Header Files</Filter>
    </ClInclude>
    <ClInclude Include="Miscellaneous\SFMLPrerequisite.h">
      <Filter>Header Files</Filter>
    </ClInclude>
    <ClInclude Include="Core\WorldEntity.h">
      <Filter>Header Files</Filter>
    </ClInclude>
    <ClInclude Include="Core\PMR_Resource\PoolResource.h">
      <Filter>Header Files</Filter>
    </ClInclude>
    <ClInclude Include="GameObject\GameObject.h">
      <Filter>Header Files</Filter>
    </ClInclude>
    <ClInclude Include="Components\TransformComponent.h">
      <Filter>Header Files</Filter>
    </ClInclude>
    <ClInclude Include="Miscellaneous\RealTimeMath.h">
      <Filter>Header Files</Filter>
    </ClInclude>
    <ClInclude Include="Components\BaseComponent.h">
      <Filter>Header Files</Filter>
    </ClInclude>
    <ClInclude Include="Math\rtm\constants.h">
      <Filter>Header Files</Filter>
    </ClInclude>
    <ClInclude Include="Math\rtm\macros.h">
      <Filter>Header Files</Filter>
    </ClInclude>
    <ClInclude Include="Math\rtm\mask4d.h">
      <Filter>Header Files</Filter>
    </ClInclude>
    <ClInclude Include="Math\rtm\mask4f.h">
      <Filter>Header Files</Filter>
    </ClInclude>
    <ClInclude Include="Math\rtm\mask4i.h">
      <Filter>Header Files</Filter>
    </ClInclude>
    <ClInclude Include="Math\rtm\mask4q.h">
      <Filter>Header Files</Filter>
    </ClInclude>
    <ClInclude Include="Math\rtm\math.h">
      <Filter>Header Files</Filter>
    </ClInclude>
    <ClInclude Include="Math\rtm\matrix3x3d.h">
      <Filter>Header Files</Filter>
    </ClInclude>
    <ClInclude Include="Math\rtm\matrix3x3f.h">
      <Filter>Header Files</Filter>
    </ClInclude>
    <ClInclude Include="Math\rtm\matrix3x4d.h">
      <Filter>Header Files</Filter>
    </ClInclude>
    <ClInclude Include="Math\rtm\matrix3x4f.h">
      <Filter>Header Files</Filter>
    </ClInclude>
    <ClInclude Include="Math\rtm\matrix4x4d.h">
      <Filter>Header Files</Filter>
    </ClInclude>
    <ClInclude Include="Math\rtm\matrix4x4f.h">
      <Filter>Header Files</Filter>
    </ClInclude>
    <ClInclude Include="Math\rtm\quatd.h">
      <Filter>Header Files</Filter>
    </ClInclude>
    <ClInclude Include="Math\rtm\quatf.h">
      <Filter>Header Files</Filter>
    </ClInclude>
    <ClInclude Include="Math\rtm\qvvd.h">
      <Filter>Header Files</Filter>
    </ClInclude>
    <ClInclude Include="Math\rtm\qvvf.h">
      <Filter>Header Files</Filter>
    </ClInclude>
    <ClInclude Include="Math\rtm\scalard.h">
      <Filter>Header Files</Filter>
    </ClInclude>
    <ClInclude Include="Math\rtm\scalarf.h">
      <Filter>Header Files</Filter>
    </ClInclude>
    <ClInclude Include="Math\rtm\type_traits.h">
      <Filter>Header Files</Filter>
    </ClInclude>
    <ClInclude Include="Math\rtm\types.h">
      <Filter>Header Files</Filter>
    </ClInclude>
    <ClInclude Include="Math\rtm\vector4d.h">
      <Filter>Header Files</Filter>
    </ClInclude>
    <ClInclude Include="Math\rtm\vector4f.h">
      <Filter>Header Files</Filter>
    </ClInclude>
    <ClInclude Include="Math\rtm\packing\quatd.h">
      <Filter>Header Files</Filter>
    </ClInclude>
    <ClInclude Include="Math\rtm\packing\quatf.h">
      <Filter>Header Files</Filter>
    </ClInclude>
    <ClInclude Include="Math\rtm\impl\compiler_utils.h">
      <Filter>Header Files</Filter>
    </ClInclude>
    <ClInclude Include="Math\rtm\impl\detect_arch.h">
      <Filter>Header Files</Filter>
    </ClInclude>
    <ClInclude Include="Math\rtm\impl\detect_compiler.h">
      <Filter>Header Files</Filter>
    </ClInclude>
    <ClInclude Include="Math\rtm\impl\detect_features.h">
      <Filter>Header Files</Filter>
    </ClInclude>
    <ClInclude Include="Math\rtm\impl\error.h">
      <Filter>Header Files</Filter>
    </ClInclude>
    <ClInclude Include="Math\rtm\impl\mask_common.h">
      <Filter>Header Files</Filter>
    </ClInclude>
    <ClInclude Include="Math\rtm\impl\matrix_affine_common.h">
      <Filter>Header Files</Filter>
    </ClInclude>
    <ClInclude Include="Math\rtm\impl\matrix_cast.h">
      <Filter>Header Files</Filter>
    </ClInclude>
    <ClInclude Include="Math\rtm\impl\matrix_common.h">
      <Filter>Header Files</Filter>
    </ClInclude>
    <ClInclude Include="Math\rtm\impl\memory_utils.h">
      <Filter>Header Files</Filter>
    </ClInclude>
    <ClInclude Include="Math\rtm\impl\quat_common.h">
      <Filter>Header Files</Filter>
    </ClInclude>
    <ClInclude Include="Math\rtm\impl\qvv_common.h">
      <Filter>Header Files</Filter>
    </ClInclude>
    <ClInclude Include="Math\rtm\impl\scalar_common.h">
      <Filter>Header Files</Filter>
    </ClInclude>
    <ClInclude Include="Math\rtm\impl\type_args.h">
      <Filter>Header Files</Filter>
    </ClInclude>
    <ClInclude Include="Math\rtm\impl\vector_common.h">
      <Filter>Header Files</Filter>
    </ClInclude>
    <ClInclude Include="Math\RealTimeMath.h">
      <Filter>Header Files</Filter>
    </ClInclude>
    <ClInclude Include="Core\PersistentThreadWorker.h">
      <Filter>Header Files</Filter>
    </ClInclude>
    <ClInclude Include="Core\ObservePtr.h">
      <Filter>Header Files</Filter>
    </ClInclude>
    <ClInclude Include="Core\PMR_Resource\UnSynchronizedSpatialResource.h">
      <Filter>Header Files</Filter>
    </ClInclude>
    <ClInclude Include="JSON\nlohmann\json.hpp">
      <Filter>Header Files</Filter>
    </ClInclude>
    <ClInclude Include="Sound\SoundManager.h">
      <Filter>Header Files</Filter>
    </ClInclude>
  </ItemGroup>
  <ItemGroup>
    <ClCompile Include="Core\Core.cpp">
      <Filter>Source Files</Filter>
    </ClCompile>
    <ClCompile Include="Components\RenderingComponent.cpp">
      <Filter>Source Files</Filter>
    </ClCompile>
    <ClCompile Include="Components\InputComponent.cpp">
      <Filter>Source Files</Filter>
    </ClCompile>
    <ClCompile Include="Inputs\InputManager.cpp">
      <Filter>Source Files</Filter>
    </ClCompile>
    <ClCompile Include="Core\CustomStaticArray.cpp">
      <Filter>Source Files</Filter>
    </ClCompile>
    <ClCompile Include="Core\ServiceLocator.cpp">
      <Filter>Source Files</Filter>
    </ClCompile>
    <ClCompile Include="Components\NonTickComponent.cpp">
      <Filter>Source Files</Filter>
    </ClCompile>
    <ClCompile Include="Components\TickComponent.cpp">
      <Filter>Source Files</Filter>
    </ClCompile>
    <ClCompile Include="Core\PMR_Resource\LoggingResource.cpp">
      <Filter>Source Files</Filter>
    </ClCompile>
    <ClCompile Include="Inputs\InputSetting.cpp">
      <Filter>Source Files</Filter>
    </ClCompile>
    <ClCompile Include="Debugging\GUIDebugComponent.cpp">
      <Filter>Source Files</Filter>
    </ClCompile>
    <ClCompile Include="Core\Window\Window.cpp">
      <Filter>Source Files</Filter>
    </ClCompile>
    <ClCompile Include="Debugging\TSLogger.cpp">
      <Filter>Source Files</Filter>
    </ClCompile>
    <ClCompile Include="Helpers\utils.cpp">
      <Filter>Source Files</Filter>
    </ClCompile>
    <ClCompile Include="Inputs\SFMLInputs.cpp">
      <Filter>Source Files</Filter>
    </ClCompile>
    <ClCompile Include="Rendering\DX12\DX12Renderer.cpp">
      <Filter>Source Files</Filter>
    </ClCompile>
    <ClCompile Include="Rendering\DX12\DX12CommandQueue.cpp">
      <Filter>Source Files</Filter>
    </ClCompile>
    <ClCompile Include="Miscellaneous\DX12Resource.cpp">
      <Filter>Source Files</Filter>
    </ClCompile>
    <ClCompile Include="Rendering\Renderer.cpp">
      <Filter>Source Files</Filter>
    </ClCompile>
    <ClCompile Include="Rendering\SFML\SFML2DRenderer.cpp">
      <Filter>Source Files</Filter>
    </ClCompile>
    <ClCompile Include="Core\Window\SFML\SFMLWindow.cpp">
      <Filter>Source Files</Filter>
    </ClCompile>
    <ClCompile Include="Core\WorldEntity.cpp">
      <Filter>Source Files</Filter>
    </ClCompile>
    <ClCompile Include="Core\PMR_Resource\PoolResource.cpp">
      <Filter>Source Files</Filter>
    </ClCompile>
    <ClCompile Include="GameObject\GameObject.cpp">
      <Filter>Source Files</Filter>
    </ClCompile>
    <ClCompile Include="Components\TransformComponent.cpp">
      <Filter>Source Files</Filter>
    </ClCompile>
    <ClCompile Include="Components\BaseComponent.cpp">
      <Filter>Source Files</Filter>
    </ClCompile>
    <ClCompile Include="Core\Base.cpp">
      <Filter>Source Files</Filter>
    </ClCompile>
    <ClCompile Include="Core\PersistentThreadWorker.cpp">
      <Filter>Source Files</Filter>
    </ClCompile>
    <ClCompile Include="Core\ObservePtr.cpp">
      <Filter>Source Files</Filter>
    </ClCompile>
    <ClCompile Include="Core\PMR_Resource\UnSynchronizedSpatialResource.cpp">
      <Filter>Source Files</Filter>
    </ClCompile>
    <ClCompile Include="Sound\SoundManager.cpp">
      <Filter>Source Files</Filter>
    </ClCompile>
    <ClCompile Include="Core\Singleton.cpp">
      <Filter>Source Files</Filter>
    </ClCompile>
  </ItemGroup>
</Project>